// !$*UTF8*$!
{
	archiveVersion = 1;
	classes = {
	};
	objectVersion = 46;
	objects = {

/* Begin PBXBuildFile section */
		F84FB1411ACBA15000CDE455 /* main.m in Sources */ = {isa = PBXBuildFile; fileRef = F84FB1401ACBA15000CDE455 /* main.m */; };
		F84FB1441ACBA15000CDE455 /* AppDelegate.m in Sources */ = {isa = PBXBuildFile; fileRef = F84FB1431ACBA15000CDE455 /* AppDelegate.m */; };
		F84FB1471ACBA15000CDE455 /* ViewController.m in Sources */ = {isa = PBXBuildFile; fileRef = F84FB1461ACBA15000CDE455 /* ViewController.m */; };
		F84FB14A1ACBA15000CDE455 /* Main.storyboard in Resources */ = {isa = PBXBuildFile; fileRef = F84FB1481ACBA15000CDE455 /* Main.storyboard */; };
		F84FB14C1ACBA15000CDE455 /* Images.xcassets in Resources */ = {isa = PBXBuildFile; fileRef = F84FB14B1ACBA15000CDE455 /* Images.xcassets */; };
		F84FB14F1ACBA15000CDE455 /* LaunchScreen.xib in Resources */ = {isa = PBXBuildFile; fileRef = F84FB14D1ACBA15000CDE455 /* LaunchScreen.xib */; };
		F84FB15B1ACBA15000CDE455 /* TransitionPopForiOS7Tests.m in Sources */ = {isa = PBXBuildFile; fileRef = F84FB15A1ACBA15000CDE455 /* TransitionPopForiOS7Tests.m */; };
/* End PBXBuildFile section */

/* Begin PBXContainerItemProxy section */
		F84FB1551ACBA15000CDE455 /* PBXContainerItemProxy */ = {
			isa = PBXContainerItemProxy;
			containerPortal = F84FB1331ACBA15000CDE455 /* Project object */;
			proxyType = 1;
			remoteGlobalIDString = F84FB13A1ACBA15000CDE455;
			remoteInfo = TransitionPopForiOS7;
		};
/* End PBXContainerItemProxy section */

/* Begin PBXFileReference section */
		F84FB13B1ACBA15000CDE455 /* TransitionPopForiOS7.app */ = {isa = PBXFileReference; explicitFileType = wrapper.application; includeInIndex = 0; path = TransitionPopForiOS7.app; sourceTree = BUILT_PRODUCTS_DIR; };
		F84FB13F1ACBA15000CDE455 /* Info.plist */ = {isa = PBXFileReference; lastKnownFileType = text.plist.xml; path = Info.plist; sourceTree = "<group>"; };
		F84FB1401ACBA15000CDE455 /* main.m */ = {isa = PBXFileReference; lastKnownFileType = sourcecode.c.objc; path = main.m; sourceTree = "<group>"; };
		F84FB1421ACBA15000CDE455 /* AppDelegate.h */ = {isa = PBXFileReference; lastKnownFileType = sourcecode.c.h; path = AppDelegate.h; sourceTree = "<group>"; };
		F84FB1431ACBA15000CDE455 /* AppDelegate.m */ = {isa = PBXFileReference; lastKnownFileType = sourcecode.c.objc; path = AppDelegate.m; sourceTree = "<group>"; };
		F84FB1451ACBA15000CDE455 /* ViewController.h */ = {isa = PBXFileReference; lastKnownFileType = sourcecode.c.h; path = ViewController.h; sourceTree = "<group>"; };
		F84FB1461ACBA15000CDE455 /* ViewController.m */ = {isa = PBXFileReference; lastKnownFileType = sourcecode.c.objc; path = ViewController.m; sourceTree = "<group>"; };
		F84FB1491ACBA15000CDE455 /* Base */ = {isa = PBXFileReference; lastKnownFileType = file.storyboard; name = Base; path = Base.lproj/Main.storyboard; sourceTree = "<group>"; };
		F84FB14B1ACBA15000CDE455 /* Images.xcassets */ = {isa = PBXFileReference; lastKnownFileType = folder.assetcatalog; path = Images.xcassets; sourceTree = "<group>"; };
		F84FB14E1ACBA15000CDE455 /* Base */ = {isa = PBXFileReference; lastKnownFileType = file.xib; name = Base; path = Base.lproj/LaunchScreen.xib; sourceTree = "<group>"; };
		F84FB1541ACBA15000CDE455 /* TransitionPopForiOS7Tests.xctest */ = {isa = PBXFileReference; explicitFileType = wrapper.cfbundle; includeInIndex = 0; path = TransitionPopForiOS7Tests.xctest; sourceTree = BUILT_PRODUCTS_DIR; };
		F84FB1591ACBA15000CDE455 /* Info.plist */ = {isa = PBXFileReference; lastKnownFileType = text.plist.xml; path = Info.plist; sourceTree = "<group>"; };
		F84FB15A1ACBA15000CDE455 /* TransitionPopForiOS7Tests.m */ = {isa = PBXFileReference; lastKnownFileType = sourcecode.c.objc; path = TransitionPopForiOS7Tests.m; sourceTree = "<group>"; };
/* End PBXFileReference section */

/* Begin PBXFrameworksBuildPhase section */
		F84FB1381ACBA15000CDE455 /* Frameworks */ = {
			isa = PBXFrameworksBuildPhase;
			buildActionMask = 2147483647;
			files = (
			);
			runOnlyForDeploymentPostprocessing = 0;
		};
		F84FB1511ACBA15000CDE455 /* Frameworks */ = {
			isa = PBXFrameworksBuildPhase;
			buildActionMask = 2147483647;
			files = (
			);
			runOnlyForDeploymentPostprocessing = 0;
		};
/* End PBXFrameworksBuildPhase section */

/* Begin PBXGroup section */
		F84FB1321ACBA15000CDE455 = {
			isa = PBXGroup;
			children = (
				F84FB13D1ACBA15000CDE455 /* TransitionPopForiOS7 */,
				F84FB1571ACBA15000CDE455 /* TransitionPopForiOS7Tests */,
				F84FB13C1ACBA15000CDE455 /* Products */,
			);
			sourceTree = "<group>";
		};
		F84FB13C1ACBA15000CDE455 /* Products */ = {
			isa = PBXGroup;
			children = (
				F84FB13B1ACBA15000CDE455 /* TransitionPopForiOS7.app */,
				F84FB1541ACBA15000CDE455 /* TransitionPopForiOS7Tests.xctest */,
			);
			name = Products;
			sourceTree = "<group>";
		};
		F84FB13D1ACBA15000CDE455 /* TransitionPopForiOS7 */ = {
			isa = PBXGroup;
			children = (
				F84FB1421ACBA15000CDE455 /* AppDelegate.h */,
				F84FB1431ACBA15000CDE455 /* AppDelegate.m */,
				F84FB1451ACBA15000CDE455 /* ViewController.h */,
				F84FB1461ACBA15000CDE455 /* ViewController.m */,
				F84FB1481ACBA15000CDE455 /* Main.storyboard */,
				F84FB14B1ACBA15000CDE455 /* Images.xcassets */,
				F84FB14D1ACBA15000CDE455 /* LaunchScreen.xib */,
				F84FB13E1ACBA15000CDE455 /* Supporting Files */,
			);
			path = TransitionPopForiOS7;
			sourceTree = "<group>";
		};
		F84FB13E1ACBA15000CDE455 /* Supporting Files */ = {
			isa = PBXGroup;
			children = (
				F84FB13F1ACBA15000CDE455 /* Info.plist */,
				F84FB1401ACBA15000CDE455 /* main.m */,
			);
			name = "Supporting Files";
			sourceTree = "<group>";
		};
		F84FB1571ACBA15000CDE455 /* TransitionPopForiOS7Tests */ = {
			isa = PBXGroup;
			children = (
				F84FB15A1ACBA15000CDE455 /* TransitionPopForiOS7Tests.m */,
				F84FB1581ACBA15000CDE455 /* Supporting Files */,
			);
			path = TransitionPopForiOS7Tests;
			sourceTree = "<group>";
		};
		F84FB1581ACBA15000CDE455 /* Supporting Files */ = {
			isa = PBXGroup;
			children = (
				F84FB1591ACBA15000CDE455 /* Info.plist */,
			);
			name = "Supporting Files";
			sourceTree = "<group>";
		};
/* End PBXGroup section */

/* Begin PBXNativeTarget section */
		F84FB13A1ACBA15000CDE455 /* TransitionPopForiOS7 */ = {
			isa = PBXNativeTarget;
			buildConfigurationList = F84FB15E1ACBA15000CDE455 /* Build configuration list for PBXNativeTarget "TransitionPopForiOS7" */;
			buildPhases = (
				F84FB1371ACBA15000CDE455 /* Sources */,
				F84FB1381ACBA15000CDE455 /* Frameworks */,
				F84FB1391ACBA15000CDE455 /* Resources */,
			);
			buildRules = (
			);
			dependencies = (
			);
			name = TransitionPopForiOS7;
			productName = TransitionPopForiOS7;
			productReference = F84FB13B1ACBA15000CDE455 /* TransitionPopForiOS7.app */;
			productType = "com.apple.product-type.application";
		};
		F84FB1531ACBA15000CDE455 /* TransitionPopForiOS7Tests */ = {
			isa = PBXNativeTarget;
			buildConfigurationList = F84FB1611ACBA15000CDE455 /* Build configuration list for PBXNativeTarget "TransitionPopForiOS7Tests" */;
			buildPhases = (
				F84FB1501ACBA15000CDE455 /* Sources */,
				F84FB1511ACBA15000CDE455 /* Frameworks */,
				F84FB1521ACBA15000CDE455 /* Resources */,
			);
			buildRules = (
			);
			dependencies = (
				F84FB1561ACBA15000CDE455 /* PBXTargetDependency */,
			);
			name = TransitionPopForiOS7Tests;
			productName = TransitionPopForiOS7Tests;
			productReference = F84FB1541ACBA15000CDE455 /* TransitionPopForiOS7Tests.xctest */;
			productType = "com.apple.product-type.bundle.unit-test";
		};
/* End PBXNativeTarget section */

/* Begin PBXProject section */
		F84FB1331ACBA15000CDE455 /* Project object */ = {
			isa = PBXProject;
			attributes = {
				LastUpgradeCheck = 0620;
				ORGANIZATIONNAME = anjuke;
				TargetAttributes = {
					F84FB13A1ACBA15000CDE455 = {
						CreatedOnToolsVersion = 6.2;
					};
					F84FB1531ACBA15000CDE455 = {
						CreatedOnToolsVersion = 6.2;
						TestTargetID = F84FB13A1ACBA15000CDE455;
					};
				};
			};
			buildConfigurationList = F84FB1361ACBA15000CDE455 /* Build configuration list for PBXProject "TransitionPopForiOS7" */;
			compatibilityVersion = "Xcode 3.2";
			developmentRegion = English;
			hasScannedForEncodings = 0;
			knownRegions = (
				en,
				Base,
			);
			mainGroup = F84FB1321ACBA15000CDE455;
			productRefGroup = F84FB13C1ACBA15000CDE455 /* Products */;
			projectDirPath = "";
			projectRoot = "";
			targets = (
				F84FB13A1ACBA15000CDE455 /* TransitionPopForiOS7 */,
				F84FB1531ACBA15000CDE455 /* TransitionPopForiOS7Tests */,
			);
		};
/* End PBXProject section */

/* Begin PBXResourcesBuildPhase section */
		F84FB1391ACBA15000CDE455 /* Resources */ = {
			isa = PBXResourcesBuildPhase;
			buildActionMask = 2147483647;
			files = (
				F84FB14A1ACBA15000CDE455 /* Main.storyboard in Resources */,
				F84FB14F1ACBA15000CDE455 /* LaunchScreen.xib in Resources */,
				F84FB14C1ACBA15000CDE455 /* Images.xcassets in Resources */,
			);
			runOnlyForDeploymentPostprocessing = 0;
		};
		F84FB1521ACBA15000CDE455 /* Resources */ = {
			isa = PBXResourcesBuildPhase;
			buildActionMask = 2147483647;
			files = (
			);
			runOnlyForDeploymentPostprocessing = 0;
		};
/* End PBXResourcesBuildPhase section */

/* Begin PBXSourcesBuildPhase section */
		F84FB1371ACBA15000CDE455 /* Sources */ = {
			isa = PBXSourcesBuildPhase;
			buildActionMask = 2147483647;
			files = (
				F84FB1471ACBA15000CDE455 /* ViewController.m in Sources */,
				F84FB1441ACBA15000CDE455 /* AppDelegate.m in Sources */,
				F84FB1411ACBA15000CDE455 /* main.m in Sources */,
			);
			runOnlyForDeploymentPostprocessing = 0;
		};
		F84FB1501ACBA15000CDE455 /* Sources */ = {
			isa = PBXSourcesBuildPhase;
			buildActionMask = 2147483647;
			files = (
				F84FB15B1ACBA15000CDE455 /* TransitionPopForiOS7Tests.m in Sources */,
			);
			runOnlyForDeploymentPostprocessing = 0;
		};
/* End PBXSourcesBuildPhase section */

/* Begin PBXTargetDependency section */
		F84FB1561ACBA15000CDE455 /* PBXTargetDependency */ = {
			isa = PBXTargetDependency;
			target = F84FB13A1ACBA15000CDE455 /* TransitionPopForiOS7 */;
			targetProxy = F84FB1551ACBA15000CDE455 /* PBXContainerItemProxy */;
		};
/* End PBXTargetDependency section */

/* Begin PBXVariantGroup section */
		F84FB1481ACBA15000CDE455 /* Main.storyboard */ = {
			isa = PBXVariantGroup;
			children = (
				F84FB1491ACBA15000CDE455 /* Base */,
			);
			name = Main.storyboard;
			sourceTree = "<group>";
		};
		F84FB14D1ACBA15000CDE455 /* LaunchScreen.xib */ = {
			isa = PBXVariantGroup;
			children = (
				F84FB14E1ACBA15000CDE455 /* Base */,
			);
			name = LaunchScreen.xib;
			sourceTree = "<group>";
		};
/* End PBXVariantGroup section */

/* Begin XCBuildConfiguration section */
		F84FB15C1ACBA15000CDE455 /* Debug */ = {
			isa = XCBuildConfiguration;
			buildSettings = {
				ALWAYS_SEARCH_USER_PATHS = NO;
				CLANG_CXX_LANGUAGE_STANDARD = "gnu++0x";
				CLANG_CXX_LIBRARY = "libc++";
				CLANG_ENABLE_MODULES = YES;
				CLANG_ENABLE_OBJC_ARC = YES;
				CLANG_WARN_BOOL_CONVERSION = YES;
				CLANG_WARN_CONSTANT_CONVERSION = YES;
				CLANG_WARN_DIRECT_OBJC_ISA_USAGE = YES_ERROR;
				CLANG_WARN_EMPTY_BODY = YES;
				CLANG_WARN_ENUM_CONVERSION = YES;
				CLANG_WARN_INT_CONVERSION = YES;
				CLANG_WARN_OBJC_ROOT_CLASS = YES_ERROR;
				CLANG_WARN_UNREACHABLE_CODE = YES;
				CLANG_WARN__DUPLICATE_METHOD_MATCH = YES;
				"CODE_SIGN_IDENTITY[sdk=iphoneos*]" = "iPhone Developer";
				COPY_PHASE_STRIP = NO;
				ENABLE_STRICT_OBJC_MSGSEND = YES;
				GCC_C_LANGUAGE_STANDARD = gnu99;
				GCC_DYNAMIC_NO_PIC = NO;
				GCC_OPTIMIZATION_LEVEL = 0;
				GCC_PREPROCESSOR_DEFINITIONS = (
					"DEBUG=1",
					"$(inherited)",
				);
				GCC_SYMBOLS_PRIVATE_EXTERN = NO;
				GCC_WARN_64_TO_32_BIT_CONVERSION = YES;
				GCC_WARN_ABOUT_RETURN_TYPE = YES_ERROR;
				GCC_WARN_UNDECLARED_SELECTOR = YES;
				GCC_WARN_UNINITIALIZED_AUTOS = YES_AGGRESSIVE;
				GCC_WARN_UNUSED_FUNCTION = YES;
				GCC_WARN_UNUSED_VARIABLE = YES;
				IPHONEOS_DEPLOYMENT_TARGET = 8.2;
				MTL_ENABLE_DEBUG_INFO = YES;
				ONLY_ACTIVE_ARCH = YES;
				SDKROOT = iphoneos;
			};
			name = Debug;
		};
		F84FB15D1ACBA15000CDE455 /* Release */ = {
			isa = XCBuildConfiguration;
			buildSettings = {
				ALWAYS_SEARCH_USER_PATHS = NO;
				CLANG_CXX_LANGUAGE_STANDARD = "gnu++0x";
				CLANG_CXX_LIBRARY = "libc++";
				CLANG_ENABLE_MODULES = YES;
				CLANG_ENABLE_OBJC_ARC = YES;
				CLANG_WARN_BOOL_CONVERSION = YES;
				CLANG_WARN_CONSTANT_CONVERSION = YES;
				CLANG_WARN_DIRECT_OBJC_ISA_USAGE = YES_ERROR;
				CLANG_WARN_EMPTY_BODY = YES;
				CLANG_WARN_ENUM_CONVERSION = YES;
				CLANG_WARN_INT_CONVERSION = YES;
				CLANG_WARN_OBJC_ROOT_CLASS = YES_ERROR;
				CLANG_WARN_UNREACHABLE_CODE = YES;
				CLANG_WARN__DUPLICATE_METHOD_MATCH = YES;
				"CODE_SIGN_IDENTITY[sdk=iphoneos*]" = "iPhone Developer";
				COPY_PHASE_STRIP = NO;
				ENABLE_NS_ASSERTIONS = NO;
				ENABLE_STRICT_OBJC_MSGSEND = YES;
				GCC_C_LANGUAGE_STANDARD = gnu99;
				GCC_WARN_64_TO_32_BIT_CONVERSION = YES;
				GCC_WARN_ABOUT_RETURN_TYPE = YES_ERROR;
				GCC_WARN_UNDECLARED_SELECTOR = YES;
				GCC_WARN_UNINITIALIZED_AUTOS = YES_AGGRESSIVE;
				GCC_WARN_UNUSED_FUNCTION = YES;
				GCC_WARN_UNUSED_VARIABLE = YES;
				IPHONEOS_DEPLOYMENT_TARGET = 8.2;
				MTL_ENABLE_DEBUG_INFO = NO;
				SDKROOT = iphoneos;
				VALIDATE_PRODUCT = YES;
			};
			name = Release;
		};
		F84FB15F1ACBA15000CDE455 /* Debug */ = {
			isa = XCBuildConfiguration;
			buildSettings = {
				ASSETCATALOG_COMPILER_APPICON_NAME = AppIcon;
				INFOPLIST_FILE = TransitionPopForiOS7/Info.plist;
				LD_RUNPATH_SEARCH_PATHS = "$(inherited) @executable_path/Frameworks";
				PRODUCT_NAME = "$(TARGET_NAME)";
			};
			name = Debug;
		};
		F84FB1601ACBA15000CDE455 /* Release */ = {
			isa = XCBuildConfiguration;
			buildSettings = {
				ASSETCATALOG_COMPILER_APPICON_NAME = AppIcon;
				INFOPLIST_FILE = TransitionPopForiOS7/Info.plist;
				LD_RUNPATH_SEARCH_PATHS = "$(inherited) @executable_path/Frameworks";
				PRODUCT_NAME = "$(TARGET_NAME)";
			};
			name = Release;
		};
		F84FB1621ACBA15000CDE455 /* Debug */ = {
			isa = XCBuildConfiguration;
			buildSettings = {
				BUNDLE_LOADER = "$(TEST_HOST)";
				FRAMEWORK_SEARCH_PATHS = (
					"$(SDKROOT)/Developer/Library/Frameworks",
					"$(inherited)",
				);
				GCC_PREPROCESSOR_DEFINITIONS = (
					"DEBUG=1",
					"$(inherited)",
				);
				INFOPLIST_FILE = TransitionPopForiOS7Tests/Info.plist;
				LD_RUNPATH_SEARCH_PATHS = "$(inherited) @executable_path/Frameworks @loader_path/Frameworks";
				PRODUCT_NAME = "$(TARGET_NAME)";
				TEST_HOST = "$(BUILT_PRODUCTS_DIR)/TransitionPopForiOS7.app/TransitionPopForiOS7";
			};
			name = Debug;
		};
		F84FB1631ACBA15000CDE455 /* Release */ = {
			isa = XCBuildConfiguration;
			buildSettings = {
				BUNDLE_LOADER = "$(TEST_HOST)";
				FRAMEWORK_SEARCH_PATHS = (
					"$(SDKROOT)/Developer/Library/Frameworks",
					"$(inherited)",
				);
				INFOPLIST_FILE = TransitionPopForiOS7Tests/Info.plist;
				LD_RUNPATH_SEARCH_PATHS = "$(inherited) @executable_path/Frameworks @loader_path/Frameworks";
				PRODUCT_NAME = "$(TARGET_NAME)";
				TEST_HOST = "$(BUILT_PRODUCTS_DIR)/TransitionPopForiOS7.app/TransitionPopForiOS7";
			};
			name = Release;
		};
/* End XCBuildConfiguration section */

/* Begin XCConfigurationList section */
		F84FB1361ACBA15000CDE455 /* Build configuration list for PBXProject "TransitionPopForiOS7" */ = {
			isa = XCConfigurationList;
			buildConfigurations = (
				F84FB15C1ACBA15000CDE455 /* Debug */,
				F84FB15D1ACBA15000CDE455 /* Release */,
			);
			defaultConfigurationIsVisible = 0;
			defaultConfigurationName = Release;
		};
		F84FB15E1ACBA15000CDE455 /* Build configuration list for PBXNativeTarget "TransitionPopForiOS7" */ = {
			isa = XCConfigurationList;
			buildConfigurations = (
				F84FB15F1ACBA15000CDE455 /* Debug */,
				F84FB1601ACBA15000CDE455 /* Release */,
			);
			defaultConfigurationIsVisible = 0;
		};
		F84FB1611ACBA15000CDE455 /* Build configuration list for PBXNativeTarget "TransitionPopForiOS7Tests" */ = {
			isa = XCConfigurationList;
			buildConfigurations = (
				F84FB1621ACBA15000CDE455 /* Debug */,
				F84FB1631ACBA15000CDE455 /* Release */,
			);
			defaultConfigurationIsVisible = 0;
		};
/* End XCConfigurationList section */
	};
	rootObject = F84FB1331ACBA15000CDE455 /* Project object */;
}
